// !$*UTF8*$!
{
	archiveVersion = 1;
	classes = {
	};
	objectVersion = 46;
	objects = {

/* Begin PBXGroup section */
		AE0663891E5DB3B900928DC5 = {
			isa = PBXGroup;
			children = (
			);
			sourceTree = "<group>";
		};
/* End PBXGroup section */

/* Begin PBXProject section */
		AE06638A1E5DB3B900928DC5 /* Project object */ = {
			isa = PBXProject;
			attributes = {
				LastUpgradeCheck = 0820;
			};
			buildConfigurationList = AE06638D1E5DB3B900928DC5 /* Build configuration list for PBXProject "pxscene_debug" */;
			compatibilityVersion = "Xcode 3.2";
			developmentRegion = English;
			hasScannedForEncodings = 0;
			knownRegions = (
				en,
			);
			mainGroup = AE0663891E5DB3B900928DC5;
			projectDirPath = "";
			projectRoot = "";
			targets = (
			);
		};
/* End PBXProject section */

/* Begin XCBuildConfiguration section */
		AE06638E1E5DB3B900928DC5 /* Debug */ = {
			isa = XCBuildConfiguration;
			buildSettings = {
			};
			name = Debug;
		};
		AE06638F1E5DB3B900928DC5 /* Release */ = {
			isa = XCBuildConfiguration;
			buildSettings = {
			};
			name = Release;
		};
/* End XCBuildConfiguration section */

/* Begin XCConfigurationList section */
		AE06638D1E5DB3B900928DC5 /* Build configuration list for PBXProject "pxscene_debug" */ = {
			isa = XCConfigurationList;
			buildConfigurations = (
				AE06638E1E5DB3B900928DC5 /* Debug */,
				AE06638F1E5DB3B900928DC5 /* Release */,
			);
			defaultConfigurationIsVisible = 0;
			defaultConfigurationName = Release;
		};
/* End XCConfigurationList section */
	};
	rootObject = AE06638A1E5DB3B900928DC5 /* Project object */;
}
