Microsoft Visual Studio Solution File, Format Version 9.00
# Visual Studio 2005
Project("{8BC9CEB8-8B4A-11D0-8D11-00A0C91BC942}") = "pxCore Static Library", "pxCore.vcproj", "{8197EB44-21BA-49E7-95DD-DDB4FF8CC6C0}"
EndProject
Project("{8BC9CEB8-8B4A-11D0-8D11-00A0C91BC942}") = "SimpleExample", "Simple\Simple.vcproj", "{4A2394A6-AE51-40D4-AEBC-E553670A58F7}"
	ProjectSection(ProjectDependencies) = postProject
		{8197EB44-21BA-49E7-95DD-DDB4FF8CC6C0} = {8197EB44-21BA-49E7-95DD-DDB4FF8CC6C0}
	EndProjectSection
EndProject
Project("{8BC9CEB8-8B4A-11D0-8D11-00A0C91BC942}") = "KeyboardAndMouseExample", "KeyboardAndMouse\KeyboardAndMouse.vcproj", "{D81A03BF-710D-413D-8ABE-0A1E0927EAAE}"
	ProjectSection(ProjectDependencies) = postProject
		{8197EB44-21BA-49E7-95DD-DDB4FF8CC6C0} = {8197EB44-21BA-49E7-95DD-DDB4FF8CC6C0}
	EndProjectSection
EndProject
Project("{8BC9CEB8-8B4A-11D0-8D11-00A0C91BC942}") = "AnimationExample", "Animation\Animation.vcproj", "{2B4BAAB6-FDFD-4C42-91B8-398454E0224F}"
	ProjectSection(ProjectDependencies) = postProject
		{8197EB44-21BA-49E7-95DD-DDB4FF8CC6C0} = {8197EB44-21BA-49E7-95DD-DDB4FF8CC6C0}
	EndProjectSection
EndProject
Project("{8BC9CEB8-8B4A-11D0-8D11-00A0C91BC942}") = "MandelbrotExample", "Mandelbrot\Mandelbrot.vcproj", "{1B4FE3AD-A2C5-421A-8E0D-3C5256A293EF}"
	ProjectSection(ProjectDependencies) = postProject
		{8197EB44-21BA-49E7-95DD-DDB4FF8CC6C0} = {8197EB44-21BA-49E7-95DD-DDB4FF8CC6C0}
	EndProjectSection
EndProject
Project("{8BC9CEB8-8B4A-11D0-8D11-00A0C91BC942}") = "TimerExample", "Timer\Timer.vcproj", "{AAAB3660-A96E-421F-89F6-ED471D1968DB}"
	ProjectSection(ProjectDependencies) = postProject
		{8197EB44-21BA-49E7-95DD-DDB4FF8CC6C0} = {8197EB44-21BA-49E7-95DD-DDB4FF8CC6C0}
	EndProjectSection
EndProject
Project("{8BC9CEB8-8B4A-11D0-8D11-00A0C91BC942}") = "NativeDrawingExample", "NativeDrawing\NativeDrawing.vcproj", "{BA67A025-C016-4A6F-9F93-E5993DCFA80C}"
	ProjectSection(ProjectDependencies) = postProject
		{8197EB44-21BA-49E7-95DD-DDB4FF8CC6C0} = {8197EB44-21BA-49E7-95DD-DDB4FF8CC6C0}
	EndProjectSection
EndProject
Project("{8BC9CEB8-8B4A-11D0-8D11-00A0C91BC942}") = "SpriteExample", "Sprite\Sprite.vcproj", "{2B8167CD-37FC-473B-B12A-92D9E94CAC25}"
	ProjectSection(ProjectDependencies) = postProject
		{8197EB44-21BA-49E7-95DD-DDB4FF8CC6C0} = {8197EB44-21BA-49E7-95DD-DDB4FF8CC6C0}
	EndProjectSection
EndProject
Project("{8BC9CEB8-8B4A-11D0-8D11-00A0C91BC942}") = "HoverExample", "Hover\Hover.vcproj", "{AD23C101-5E8B-4E57-9234-A5623FFF810B}"
EndProject
Global
	GlobalSection(SolutionConfigurationPlatforms) = preSolution
		Debug|Win32 = Debug|Win32
		Release|Win32 = Release|Win32
	EndGlobalSection
	GlobalSection(ProjectConfigurationPlatforms) = postSolution
		{8197EB44-21BA-49E7-95DD-DDB4FF8CC6C0}.Debug|Win32.ActiveCfg = Debug|Win32
		{8197EB44-21BA-49E7-95DD-DDB4FF8CC6C0}.Debug|Win32.Build.0 = Debug|Win32
		{8197EB44-21BA-49E7-95DD-DDB4FF8CC6C0}.Release|Win32.ActiveCfg = Release|Win32
		{8197EB44-21BA-49E7-95DD-DDB4FF8CC6C0}.Release|Win32.Build.0 = Release|Win32
		{4A2394A6-AE51-40D4-AEBC-E553670A58F7}.Debug|Win32.ActiveCfg = Debug|Win32
		{4A2394A6-AE51-40D4-AEBC-E553670A58F7}.Debug|Win32.Build.0 = Debug|Win32
		{4A2394A6-AE51-40D4-AEBC-E553670A58F7}.Release|Win32.ActiveCfg = Release|Win32
		{4A2394A6-AE51-40D4-AEBC-E553670A58F7}.Release|Win32.Build.0 = Release|Win32
		{D81A03BF-710D-413D-8ABE-0A1E0927EAAE}.Debug|Win32.ActiveCfg = Debug|Win32
		{D81A03BF-710D-413D-8ABE-0A1E0927EAAE}.Debug|Win32.Build.0 = Debug|Win32
		{D81A03BF-710D-413D-8ABE-0A1E0927EAAE}.Release|Win32.ActiveCfg = Release|Win32
		{D81A03BF-710D-413D-8ABE-0A1E0927EAAE}.Release|Win32.Build.0 = Release|Win32
		{2B4BAAB6-FDFD-4C42-91B8-398454E0224F}.Debug|Win32.ActiveCfg = Debug|Win32
		{2B4BAAB6-FDFD-4C42-91B8-398454E0224F}.Debug|Win32.Build.0 = Debug|Win32
		{2B4BAAB6-FDFD-4C42-91B8-398454E0224F}.Release|Win32.ActiveCfg = Release|Win32
		{2B4BAAB6-FDFD-4C42-91B8-398454E0224F}.Release|Win32.Build.0 = Release|Win32
		{1B4FE3AD-A2C5-421A-8E0D-3C5256A293EF}.Debug|Win32.ActiveCfg = Debug|Win32
		{1B4FE3AD-A2C5-421A-8E0D-3C5256A293EF}.Debug|Win32.Build.0 = Debug|Win32
		{1B4FE3AD-A2C5-421A-8E0D-3C5256A293EF}.Release|Win32.ActiveCfg = Release|Win32
		{1B4FE3AD-A2C5-421A-8E0D-3C5256A293EF}.Release|Win32.Build.0 = Release|Win32
		{AAAB3660-A96E-421F-89F6-ED471D1968DB}.Debug|Win32.ActiveCfg = Debug|Win32
		{AAAB3660-A96E-421F-89F6-ED471D1968DB}.Debug|Win32.Build.0 = Debug|Win32
		{AAAB3660-A96E-421F-89F6-ED471D1968DB}.Release|Win32.ActiveCfg = Release|Win32
		{AAAB3660-A96E-421F-89F6-ED471D1968DB}.Release|Win32.Build.0 = Release|Win32
		{BA67A025-C016-4A6F-9F93-E5993DCFA80C}.Debug|Win32.ActiveCfg = Debug|Win32
		{BA67A025-C016-4A6F-9F93-E5993DCFA80C}.Debug|Win32.Build.0 = Debug|Win32
		{BA67A025-C016-4A6F-9F93-E5993DCFA80C}.Release|Win32.ActiveCfg = Release|Win32
		{BA67A025-C016-4A6F-9F93-E5993DCFA80C}.Release|Win32.Build.0 = Release|Win32
		{2B8167CD-37FC-473B-B12A-92D9E94CAC25}.Debug|Win32.ActiveCfg = Debug|Win32
		{2B8167CD-37FC-473B-B12A-92D9E94CAC25}.Debug|Win32.Build.0 = Debug|Win32
		{2B8167CD-37FC-473B-B12A-92D9E94CAC25}.Release|Win32.ActiveCfg = Release|Win32
		{2B8167CD-37FC-473B-B12A-92D9E94CAC25}.Release|Win32.Build.0 = Release|Win32
		{AD23C101-5E8B-4E57-9234-A5623FFF810B}.Debug|Win32.ActiveCfg = Debug|Win32
		{AD23C101-5E8B-4E57-9234-A5623FFF810B}.Debug|Win32.Build.0 = Debug|Win32
		{AD23C101-5E8B-4E57-9234-A5623FFF810B}.Release|Win32.ActiveCfg = Release|Win32
		{AD23C101-5E8B-4E57-9234-A5623FFF810B}.Release|Win32.Build.0 = Release|Win32
	EndGlobalSection
	GlobalSection(SolutionProperties) = preSolution
		HideSolutionNode = FALSE
	EndGlobalSection
EndGlobal
